
Microsoft Visual Studio Solution File, Format Version 12.00
# Visual Studio Version 17
VisualStudioVersion = 17.5.33516.290
MinimumVisualStudioVersion = 10.0.40219.1
Project("{FAE04EC0-301F-11D3-BF4B-00C04F79EFBC}") = "HW2_Fibonacci", "HW2_Fibonacci.csproj", "{60953A24-54D1-45FC-97E8-4F3F8B8C963B}"
EndProject
Global
	GlobalSection(SolutionConfigurationPlatforms) = preSolution
		Debug|Any CPU = Debug|Any CPU
		Release|Any CPU = Release|Any CPU
	EndGlobalSection
	GlobalSection(ProjectConfigurationPlatforms) = postSolution
		{60953A24-54D1-45FC-97E8-4F3F8B8C963B}.Debug|Any CPU.ActiveCfg = Debug|Any CPU
		{60953A24-54D1-45FC-97E8-4F3F8B8C963B}.Debug|Any CPU.Build.0 = Debug|Any CPU
		{60953A24-54D1-45FC-97E8-4F3F8B8C963B}.Release|Any CPU.ActiveCfg = Release|Any CPU
		{60953A24-54D1-45FC-97E8-4F3F8B8C963B}.Release|Any CPU.Build.0 = Release|Any CPU
	EndGlobalSection
	GlobalSection(SolutionProperties) = preSolution
		HideSolutionNode = FALSE
	EndGlobalSection
	GlobalSection(ExtensibilityGlobals) = postSolution
		SolutionGuid = {A8E5B23F-2EE9-4C29-B942-F523A7C480CD}
	EndGlobalSection
EndGlobal
