
Microsoft Visual Studio Solution File, Format Version 12.00
# Visual Studio Version 17
VisualStudioVersion = 17.5.33530.505
MinimumVisualStudioVersion = 10.0.40219.1
Project("{FAE04EC0-301F-11D3-BF4B-00C04F79EFBC}") = "HW2_Code", "HW2_Code.csproj", "{BF023B07-5771-4D2F-85D6-CFAB20BD8DC0}"
EndProject
Global
	GlobalSection(SolutionConfigurationPlatforms) = preSolution
		Debug|Any CPU = Debug|Any CPU
		Release|Any CPU = Release|Any CPU
	EndGlobalSection
	GlobalSection(ProjectConfigurationPlatforms) = postSolution
		{BF023B07-5771-4D2F-85D6-CFAB20BD8DC0}.Debug|Any CPU.ActiveCfg = Debug|Any CPU
		{BF023B07-5771-4D2F-85D6-CFAB20BD8DC0}.Debug|Any CPU.Build.0 = Debug|Any CPU
		{BF023B07-5771-4D2F-85D6-CFAB20BD8DC0}.Release|Any CPU.ActiveCfg = Release|Any CPU
		{BF023B07-5771-4D2F-85D6-CFAB20BD8DC0}.Release|Any CPU.Build.0 = Release|Any CPU
	EndGlobalSection
	GlobalSection(SolutionProperties) = preSolution
		HideSolutionNode = FALSE
	EndGlobalSection
	GlobalSection(ExtensibilityGlobals) = postSolution
		SolutionGuid = {4801C2C2-9096-4F30-BB92-F94ED6CB8CAB}
	EndGlobalSection
EndGlobal
